
Microsoft Visual Studio Solution File, Format Version 12.00
# Visual Studio Version 17
VisualStudioVersion = 17.7.34031.279
MinimumVisualStudioVersion = 10.0.40219.1
Project("{9A19103F-16F7-4668-BE54-9A1E7A4F7556}") = "JobMatchingForGraduates.Presentation", "JobMatchingForGraduates\JobMatchingForGraduates.Presentation.csproj", "{BCD74266-8FEA-4946-BAA6-BBF96EAFC04A}"
EndProject
Project("{2150E333-8FDC-42A3-9474-1A3956D46DE8}") = "src", "src", "{F03085DE-DEF8-4855-AF95-CB3A3A6E5505}"
EndProject
Project("{9A19103F-16F7-4668-BE54-9A1E7A4F7556}") = "JobMatchingForGraduates.Data", "JobMatchingForGraduates.Data\JobMatchingForGraduates.Data.csproj", "{919CEA65-3C74-494E-ABF5-F23BBB70E133}"
EndProject
Project("{9A19103F-16F7-4668-BE54-9A1E7A4F7556}") = "JobMatchingForGraduates.Domain", "JobMatchingForGraduates.Domain\JobMatchingForGraduates.Domain.csproj", "{640B1B3A-005A-4FCD-A745-D9971D2C24C0}"
EndProject
Project("{9A19103F-16F7-4668-BE54-9A1E7A4F7556}") = "JobMatchingForGraduates.Service", "JobMatchingForGraduates.Service\JobMatchingForGraduates.Service.csproj", "{827B4908-D818-4348-88C5-15DA193AC533}"
EndProject
Global
	GlobalSection(SolutionConfigurationPlatforms) = preSolution
		Debug|Any CPU = Debug|Any CPU
		Release|Any CPU = Release|Any CPU
	EndGlobalSection
	GlobalSection(ProjectConfigurationPlatforms) = postSolution
		{BCD74266-8FEA-4946-BAA6-BBF96EAFC04A}.Debug|Any CPU.ActiveCfg = Debug|Any CPU
		{BCD74266-8FEA-4946-BAA6-BBF96EAFC04A}.Debug|Any CPU.Build.0 = Debug|Any CPU
		{BCD74266-8FEA-4946-BAA6-BBF96EAFC04A}.Release|Any CPU.ActiveCfg = Release|Any CPU
		{BCD74266-8FEA-4946-BAA6-BBF96EAFC04A}.Release|Any CPU.Build.0 = Release|Any CPU
		{919CEA65-3C74-494E-ABF5-F23BBB70E133}.Debug|Any CPU.ActiveCfg = Debug|Any CPU
		{919CEA65-3C74-494E-ABF5-F23BBB70E133}.Debug|Any CPU.Build.0 = Debug|Any CPU
		{919CEA65-3C74-494E-ABF5-F23BBB70E133}.Release|Any CPU.ActiveCfg = Release|Any CPU
		{919CEA65-3C74-494E-ABF5-F23BBB70E133}.Release|Any CPU.Build.0 = Release|Any CPU
		{640B1B3A-005A-4FCD-A745-D9971D2C24C0}.Debug|Any CPU.ActiveCfg = Debug|Any CPU
		{640B1B3A-005A-4FCD-A745-D9971D2C24C0}.Debug|Any CPU.Build.0 = Debug|Any CPU
		{640B1B3A-005A-4FCD-A745-D9971D2C24C0}.Release|Any CPU.ActiveCfg = Release|Any CPU
		{640B1B3A-005A-4FCD-A745-D9971D2C24C0}.Release|Any CPU.Build.0 = Release|Any CPU
		{827B4908-D818-4348-88C5-15DA193AC533}.Debug|Any CPU.ActiveCfg = Debug|Any CPU
		{827B4908-D818-4348-88C5-15DA193AC533}.Debug|Any CPU.Build.0 = Debug|Any CPU
		{827B4908-D818-4348-88C5-15DA193AC533}.Release|Any CPU.ActiveCfg = Release|Any CPU
		{827B4908-D818-4348-88C5-15DA193AC533}.Release|Any CPU.Build.0 = Release|Any CPU
	EndGlobalSection
	GlobalSection(SolutionProperties) = preSolution
		HideSolutionNode = FALSE
	EndGlobalSection
	GlobalSection(NestedProjects) = preSolution
		{BCD74266-8FEA-4946-BAA6-BBF96EAFC04A} = {F03085DE-DEF8-4855-AF95-CB3A3A6E5505}
		{919CEA65-3C74-494E-ABF5-F23BBB70E133} = {F03085DE-DEF8-4855-AF95-CB3A3A6E5505}
		{640B1B3A-005A-4FCD-A745-D9971D2C24C0} = {F03085DE-DEF8-4855-AF95-CB3A3A6E5505}
		{827B4908-D818-4348-88C5-15DA193AC533} = {F03085DE-DEF8-4855-AF95-CB3A3A6E5505}
	EndGlobalSection
	GlobalSection(ExtensibilityGlobals) = postSolution
		SolutionGuid = {3F2A8BD7-9BED-4D71-99D2-B014080AEECC}
	EndGlobalSection
EndGlobal
